// !$*UTF8*$!
{
	archiveVersion = 1;
	classes = {
	};
	objectVersion = 56;
	objects = {

/* Begin PBXBuildFile section */
		1136BEF12B15CC9300071A07 /* CryptoViewModel.swift in Sources */ = {isa = PBXBuildFile; fileRef = 1136BEF02B15CC9300071A07 /* CryptoViewModel.swift */; };
		1136BEF42B15CE0F00071A07 /* RxBlocking in Frameworks */ = {isa = PBXBuildFile; productRef = 1136BEF32B15CE0F00071A07 /* RxBlocking */; };
		1136BEF62B15CE0F00071A07 /* RxBlocking-Dynamic in Frameworks */ = {isa = PBXBuildFile; productRef = 1136BEF52B15CE0F00071A07 /* RxBlocking-Dynamic */; };
		1136BEF82B15CE0F00071A07 /* RxCocoa in Frameworks */ = {isa = PBXBuildFile; productRef = 1136BEF72B15CE0F00071A07 /* RxCocoa */; };
		1136BEFA2B15CE0F00071A07 /* RxCocoa-Dynamic in Frameworks */ = {isa = PBXBuildFile; productRef = 1136BEF92B15CE0F00071A07 /* RxCocoa-Dynamic */; };
		1136BEFC2B15CE0F00071A07 /* RxRelay in Frameworks */ = {isa = PBXBuildFile; productRef = 1136BEFB2B15CE0F00071A07 /* RxRelay */; };
		1136BF002B15DEB400071A07 /* CryptoTableViewCell.swift in Sources */ = {isa = PBXBuildFile; fileRef = 1136BEFF2B15DEB400071A07 /* CryptoTableViewCell.swift */; };
		1152A78A2B14CE3C00C471A4 /* AppDelegate.swift in Sources */ = {isa = PBXBuildFile; fileRef = 1152A7892B14CE3C00C471A4 /* AppDelegate.swift */; };
		1152A78E2B14CE3C00C471A4 /* CryptoView.swift in Sources */ = {isa = PBXBuildFile; fileRef = 1152A78D2B14CE3C00C471A4 /* CryptoView.swift */; };
		1152A7932B14CE3D00C471A4 /* Assets.xcassets in Resources */ = {isa = PBXBuildFile; fileRef = 1152A7922B14CE3D00C471A4 /* Assets.xcassets */; };
		1152A7A62B14D07D00C471A4 /* SnapKit in Frameworks */ = {isa = PBXBuildFile; productRef = 1152A7A52B14D07D00C471A4 /* SnapKit */; };
		1152A7A82B14D07D00C471A4 /* SnapKit-Dynamic in Frameworks */ = {isa = PBXBuildFile; productRef = 1152A7A72B14D07D00C471A4 /* SnapKit-Dynamic */; };
		115C40FD2B14D5DC00EA4412 /* Crypto.swift in Sources */ = {isa = PBXBuildFile; fileRef = 115C40FC2B14D5DC00EA4412 /* Crypto.swift */; };
		115C40FF2B14D6B300EA4412 /* WebService.swift in Sources */ = {isa = PBXBuildFile; fileRef = 115C40FE2B14D6B300EA4412 /* WebService.swift */; };
/* End PBXBuildFile section */

/* Begin PBXFileReference section */
		1136BEF02B15CC9300071A07 /* CryptoViewModel.swift */ = {isa = PBXFileReference; lastKnownFileType = sourcecode.swift; path = CryptoViewModel.swift; sourceTree = "<group>"; };
		1136BEFF2B15DEB400071A07 /* CryptoTableViewCell.swift */ = {isa = PBXFileReference; lastKnownFileType = sourcecode.swift; path = CryptoTableViewCell.swift; sourceTree = "<group>"; };
		1152A7862B14CE3C00C471A4 /* CryptoRxMVVM.app */ = {isa = PBXFileReference; explicitFileType = wrapper.application; includeInIndex = 0; path = CryptoRxMVVM.app; sourceTree = BUILT_PRODUCTS_DIR; };
		1152A7892B14CE3C00C471A4 /* AppDelegate.swift */ = {isa = PBXFileReference; lastKnownFileType = sourcecode.swift; path = AppDelegate.swift; sourceTree = "<group>"; };
		1152A78D2B14CE3C00C471A4 /* CryptoView.swift */ = {isa = PBXFileReference; lastKnownFileType = sourcecode.swift; path = CryptoView.swift; sourceTree = "<group>"; };
		1152A7922B14CE3D00C471A4 /* Assets.xcassets */ = {isa = PBXFileReference; lastKnownFileType = folder.assetcatalog; path = Assets.xcassets; sourceTree = "<group>"; };
		1152A7972B14CE3D00C471A4 /* Info.plist */ = {isa = PBXFileReference; lastKnownFileType = text.plist.xml; path = Info.plist; sourceTree = "<group>"; };
		115C40FC2B14D5DC00EA4412 /* Crypto.swift */ = {isa = PBXFileReference; lastKnownFileType = sourcecode.swift; path = Crypto.swift; sourceTree = "<group>"; };
		115C40FE2B14D6B300EA4412 /* WebService.swift */ = {isa = PBXFileReference; lastKnownFileType = sourcecode.swift; path = WebService.swift; sourceTree = "<group>"; };
/* End PBXFileReference section */

/* Begin PBXFrameworksBuildPhase section */
		1152A7832B14CE3C00C471A4 /* Frameworks */ = {
			isa = PBXFrameworksBuildPhase;
			buildActionMask = 2147483647;
			files = (
				1152A7A62B14D07D00C471A4 /* SnapKit in Frameworks */,
				1136BEF42B15CE0F00071A07 /* RxBlocking in Frameworks */,
				1136BEFC2B15CE0F00071A07 /* RxRelay in Frameworks */,
				1136BEF82B15CE0F00071A07 /* RxCocoa in Frameworks */,
				1152A7A82B14D07D00C471A4 /* SnapKit-Dynamic in Frameworks */,
				1136BEFA2B15CE0F00071A07 /* RxCocoa-Dynamic in Frameworks */,
				1136BEF62B15CE0F00071A07 /* RxBlocking-Dynamic in Frameworks */,
			);
			runOnlyForDeploymentPostprocessing = 0;
		};
/* End PBXFrameworksBuildPhase section */

/* Begin PBXGroup section */
		1152A77D2B14CE3C00C471A4 = {
			isa = PBXGroup;
			children = (
				1152A7882B14CE3C00C471A4 /* CryptoRxMVVM */,
				1152A7872B14CE3C00C471A4 /* Products */,
			);
			sourceTree = "<group>";
		};
		1152A7872B14CE3C00C471A4 /* Products */ = {
			isa = PBXGroup;
			children = (
				1152A7862B14CE3C00C471A4 /* CryptoRxMVVM.app */,
			);
			name = Products;
			sourceTree = "<group>";
		};
		1152A7882B14CE3C00C471A4 /* CryptoRxMVVM */ = {
			isa = PBXGroup;
			children = (
				1152A7A32B14CF9000C471A4 /* View */,
				1152A7A22B14CF8600C471A4 /* ViewModel */,
				1152A7A12B14CF7700C471A4 /* Model */,
				1152A79E2B14CF4400C471A4 /* Service */,
				1152A79D2B14CF0000C471A4 /* App */,
				1152A7922B14CE3D00C471A4 /* Assets.xcassets */,
				1152A7972B14CE3D00C471A4 /* Info.plist */,
			);
			path = CryptoRxMVVM;
			sourceTree = "<group>";
		};
		1152A79D2B14CF0000C471A4 /* App */ = {
			isa = PBXGroup;
			children = (
				1152A7892B14CE3C00C471A4 /* AppDelegate.swift */,
			);
			path = App;
			sourceTree = "<group>";
		};
		1152A79E2B14CF4400C471A4 /* Service */ = {
			isa = PBXGroup;
			children = (
				115C40FE2B14D6B300EA4412 /* WebService.swift */,
			);
			path = Service;
			sourceTree = "<group>";
		};
		1152A7A12B14CF7700C471A4 /* Model */ = {
			isa = PBXGroup;
			children = (
				115C40FC2B14D5DC00EA4412 /* Crypto.swift */,
			);
			path = Model;
			sourceTree = "<group>";
		};
		1152A7A22B14CF8600C471A4 /* ViewModel */ = {
			isa = PBXGroup;
			children = (
				1136BEF02B15CC9300071A07 /* CryptoViewModel.swift */,
			);
			path = ViewModel;
			sourceTree = "<group>";
		};
		1152A7A32B14CF9000C471A4 /* View */ = {
			isa = PBXGroup;
			children = (
				1152A78D2B14CE3C00C471A4 /* CryptoView.swift */,
				1136BEFF2B15DEB400071A07 /* CryptoTableViewCell.swift */,
			);
			path = View;
			sourceTree = "<group>";
		};
/* End PBXGroup section */

/* Begin PBXNativeTarget section */
		1152A7852B14CE3C00C471A4 /* CryptoRxMVVM */ = {
			isa = PBXNativeTarget;
			buildConfigurationList = 1152A79A2B14CE3D00C471A4 /* Build configuration list for PBXNativeTarget "CryptoRxMVVM" */;
			buildPhases = (
				1152A7822B14CE3C00C471A4 /* Sources */,
				1152A7832B14CE3C00C471A4 /* Frameworks */,
				1152A7842B14CE3C00C471A4 /* Resources */,
			);
			buildRules = (
			);
			dependencies = (
			);
			name = CryptoRxMVVM;
			packageProductDependencies = (
				1152A7A52B14D07D00C471A4 /* SnapKit */,
				1152A7A72B14D07D00C471A4 /* SnapKit-Dynamic */,
				1136BEF32B15CE0F00071A07 /* RxBlocking */,
				1136BEF52B15CE0F00071A07 /* RxBlocking-Dynamic */,
				1136BEF72B15CE0F00071A07 /* RxCocoa */,
				1136BEF92B15CE0F00071A07 /* RxCocoa-Dynamic */,
				1136BEFB2B15CE0F00071A07 /* RxRelay */,
			);
			productName = CryptoRxMVVM;
			productReference = 1152A7862B14CE3C00C471A4 /* CryptoRxMVVM.app */;
			productType = "com.apple.product-type.application";
		};
/* End PBXNativeTarget section */

/* Begin PBXProject section */
		1152A77E2B14CE3C00C471A4 /* Project object */ = {
			isa = PBXProject;
			attributes = {
				BuildIndependentTargetsInParallel = 1;
				LastSwiftUpdateCheck = 1500;
				LastUpgradeCheck = 1500;
				TargetAttributes = {
					1152A7852B14CE3C00C471A4 = {
						CreatedOnToolsVersion = 15.0.1;
					};
				};
			};
			buildConfigurationList = 1152A7812B14CE3C00C471A4 /* Build configuration list for PBXProject "CryptoRxMVVM" */;
			compatibilityVersion = "Xcode 14.0";
			developmentRegion = en;
			hasScannedForEncodings = 0;
			knownRegions = (
				en,
				Base,
			);
			mainGroup = 1152A77D2B14CE3C00C471A4;
			packageReferences = (
				1152A7A42B14D07D00C471A4 /* XCRemoteSwiftPackageReference "SnapKit" */,
				1136BEF22B15CE0F00071A07 /* XCRemoteSwiftPackageReference "RxSwift" */,
			);
			productRefGroup = 1152A7872B14CE3C00C471A4 /* Products */;
			projectDirPath = "";
			projectRoot = "";
			targets = (
				1152A7852B14CE3C00C471A4 /* CryptoRxMVVM */,
			);
		};
/* End PBXProject section */

/* Begin PBXResourcesBuildPhase section */
		1152A7842B14CE3C00C471A4 /* Resources */ = {
			isa = PBXResourcesBuildPhase;
			buildActionMask = 2147483647;
			files = (
				1152A7932B14CE3D00C471A4 /* Assets.xcassets in Resources */,
			);
			runOnlyForDeploymentPostprocessing = 0;
		};
/* End PBXResourcesBuildPhase section */

/* Begin PBXSourcesBuildPhase section */
		1152A7822B14CE3C00C471A4 /* Sources */ = {
			isa = PBXSourcesBuildPhase;
			buildActionMask = 2147483647;
			files = (
				115C40FD2B14D5DC00EA4412 /* Crypto.swift in Sources */,
				1152A78E2B14CE3C00C471A4 /* CryptoView.swift in Sources */,
				1136BF002B15DEB400071A07 /* CryptoTableViewCell.swift in Sources */,
				115C40FF2B14D6B300EA4412 /* WebService.swift in Sources */,
				1152A78A2B14CE3C00C471A4 /* AppDelegate.swift in Sources */,
				1136BEF12B15CC9300071A07 /* CryptoViewModel.swift in Sources */,
			);
			runOnlyForDeploymentPostprocessing = 0;
		};
/* End PBXSourcesBuildPhase section */

/* Begin XCBuildConfiguration section */
		1152A7982B14CE3D00C471A4 /* Debug */ = {
			isa = XCBuildConfiguration;
			buildSettings = {
				ALWAYS_SEARCH_USER_PATHS = NO;
				ASSETCATALOG_COMPILER_GENERATE_SWIFT_ASSET_SYMBOL_EXTENSIONS = YES;
				CLANG_ANALYZER_NONNULL = YES;
				CLANG_ANALYZER_NUMBER_OBJECT_CONVERSION = YES_AGGRESSIVE;
				CLANG_CXX_LANGUAGE_STANDARD = "gnu++20";
				CLANG_ENABLE_MODULES = YES;
				CLANG_ENABLE_OBJC_ARC = YES;
				CLANG_ENABLE_OBJC_WEAK = YES;
				CLANG_WARN_BLOCK_CAPTURE_AUTORELEASING = YES;
				CLANG_WARN_BOOL_CONVERSION = YES;
				CLANG_WARN_COMMA = YES;
				CLANG_WARN_CONSTANT_CONVERSION = YES;
				CLANG_WARN_DEPRECATED_OBJC_IMPLEMENTATIONS = YES;
				CLANG_WARN_DIRECT_OBJC_ISA_USAGE = YES_ERROR;
				CLANG_WARN_DOCUMENTATION_COMMENTS = YES;
				CLANG_WARN_EMPTY_BODY = YES;
				CLANG_WARN_ENUM_CONVERSION = YES;
				CLANG_WARN_INFINITE_RECURSION = YES;
				CLANG_WARN_INT_CONVERSION = YES;
				CLANG_WARN_NON_LITERAL_NULL_CONVERSION = YES;
				CLANG_WARN_OBJC_IMPLICIT_RETAIN_SELF = YES;
				CLANG_WARN_OBJC_LITERAL_CONVERSION = YES;
				CLANG_WARN_OBJC_ROOT_CLASS = YES_ERROR;
				CLANG_WARN_QUOTED_INCLUDE_IN_FRAMEWORK_HEADER = YES;
				CLANG_WARN_RANGE_LOOP_ANALYSIS = YES;
				CLANG_WARN_STRICT_PROTOTYPES = YES;
				CLANG_WARN_SUSPICIOUS_MOVE = YES;
				CLANG_WARN_UNGUARDED_AVAILABILITY = YES_AGGRESSIVE;
				CLANG_WARN_UNREACHABLE_CODE = YES;
				CLANG_WARN__DUPLICATE_METHOD_MATCH = YES;
				COPY_PHASE_STRIP = NO;
				DEBUG_INFORMATION_FORMAT = dwarf;
				ENABLE_STRICT_OBJC_MSGSEND = YES;
				ENABLE_TESTABILITY = YES;
				ENABLE_USER_SCRIPT_SANDBOXING = YES;
				GCC_C_LANGUAGE_STANDARD = gnu17;
				GCC_DYNAMIC_NO_PIC = NO;
				GCC_NO_COMMON_BLOCKS = YES;
				GCC_OPTIMIZATION_LEVEL = 0;
				GCC_PREPROCESSOR_DEFINITIONS = (
					"DEBUG=1",
					"$(inherited)",
				);
				GCC_WARN_64_TO_32_BIT_CONVERSION = YES;
				GCC_WARN_ABOUT_RETURN_TYPE = YES_ERROR;
				GCC_WARN_UNDECLARED_SELECTOR = YES;
				GCC_WARN_UNINITIALIZED_AUTOS = YES_AGGRESSIVE;
				GCC_WARN_UNUSED_FUNCTION = YES;
				GCC_WARN_UNUSED_VARIABLE = YES;
				IPHONEOS_DEPLOYMENT_TARGET = 17.0;
				LOCALIZATION_PREFERS_STRING_CATALOGS = YES;
				MTL_ENABLE_DEBUG_INFO = INCLUDE_SOURCE;
				MTL_FAST_MATH = YES;
				ONLY_ACTIVE_ARCH = YES;
				SDKROOT = iphoneos;
				SWIFT_ACTIVE_COMPILATION_CONDITIONS = "DEBUG $(inherited)";
				SWIFT_OPTIMIZATION_LEVEL = "-Onone";
			};
			name = Debug;
		};
		1152A7992B14CE3D00C471A4 /* Release */ = {
			isa = XCBuildConfiguration;
			buildSettings = {
				ALWAYS_SEARCH_USER_PATHS = NO;
				ASSETCATALOG_COMPILER_GENERATE_SWIFT_ASSET_SYMBOL_EXTENSIONS = YES;
				CLANG_ANALYZER_NONNULL = YES;
				CLANG_ANALYZER_NUMBER_OBJECT_CONVERSION = YES_AGGRESSIVE;
				CLANG_CXX_LANGUAGE_STANDARD = "gnu++20";
				CLANG_ENABLE_MODULES = YES;
				CLANG_ENABLE_OBJC_ARC = YES;
				CLANG_ENABLE_OBJC_WEAK = YES;
				CLANG_WARN_BLOCK_CAPTURE_AUTORELEASING = YES;
				CLANG_WARN_BOOL_CONVERSION = YES;
				CLANG_WARN_COMMA = YES;
				CLANG_WARN_CONSTANT_CONVERSION = YES;
				CLANG_WARN_DEPRECATED_OBJC_IMPLEMENTATIONS = YES;
				CLANG_WARN_DIRECT_OBJC_ISA_USAGE = YES_ERROR;
				CLANG_WARN_DOCUMENTATION_COMMENTS = YES;
				CLANG_WARN_EMPTY_BODY = YES;
				CLANG_WARN_ENUM_CONVERSION = YES;
				CLANG_WARN_INFINITE_RECURSION = YES;
				CLANG_WARN_INT_CONVERSION = YES;
				CLANG_WARN_NON_LITERAL_NULL_CONVERSION = YES;
				CLANG_WARN_OBJC_IMPLICIT_RETAIN_SELF = YES;
				CLANG_WARN_OBJC_LITERAL_CONVERSION = YES;
				CLANG_WARN_OBJC_ROOT_CLASS = YES_ERROR;
				CLANG_WARN_QUOTED_INCLUDE_IN_FRAMEWORK_HEADER = YES;
				CLANG_WARN_RANGE_LOOP_ANALYSIS = YES;
				CLANG_WARN_STRICT_PROTOTYPES = YES;
				CLANG_WARN_SUSPICIOUS_MOVE = YES;
				CLANG_WARN_UNGUARDED_AVAILABILITY = YES_AGGRESSIVE;
				CLANG_WARN_UNREACHABLE_CODE = YES;
				CLANG_WARN__DUPLICATE_METHOD_MATCH = YES;
				COPY_PHASE_STRIP = NO;
				DEBUG_INFORMATION_FORMAT = "dwarf-with-dsym";
				ENABLE_NS_ASSERTIONS = NO;
				ENABLE_STRICT_OBJC_MSGSEND = YES;
				ENABLE_USER_SCRIPT_SANDBOXING = YES;
				GCC_C_LANGUAGE_STANDARD = gnu17;
				GCC_NO_COMMON_BLOCKS = YES;
				GCC_WARN_64_TO_32_BIT_CONVERSION = YES;
				GCC_WARN_ABOUT_RETURN_TYPE = YES_ERROR;
				GCC_WARN_UNDECLARED_SELECTOR = YES;
				GCC_WARN_UNINITIALIZED_AUTOS = YES_AGGRESSIVE;
				GCC_WARN_UNUSED_FUNCTION = YES;
				GCC_WARN_UNUSED_VARIABLE = YES;
				IPHONEOS_DEPLOYMENT_TARGET = 17.0;
				LOCALIZATION_PREFERS_STRING_CATALOGS = YES;
				MTL_ENABLE_DEBUG_INFO = NO;
				MTL_FAST_MATH = YES;
				SDKROOT = iphoneos;
				SWIFT_COMPILATION_MODE = wholemodule;
				VALIDATE_PRODUCT = YES;
			};
			name = Release;
		};
		1152A79B2B14CE3D00C471A4 /* Debug */ = {
			isa = XCBuildConfiguration;
			buildSettings = {
				ASSETCATALOG_COMPILER_APPICON_NAME = AppIcon;
				ASSETCATALOG_COMPILER_GLOBAL_ACCENT_COLOR_NAME = AccentColor;
				CODE_SIGN_STYLE = Automatic;
				CURRENT_PROJECT_VERSION = 1;
				DEVELOPMENT_TEAM = 2N697VK3QN;
				GENERATE_INFOPLIST_FILE = YES;
				INFOPLIST_FILE = CryptoRxMVVM/Info.plist;
				INFOPLIST_KEY_UIApplicationSupportsIndirectInputEvents = YES;
				INFOPLIST_KEY_UILaunchStoryboardName = LaunchScreen;
				INFOPLIST_KEY_UISupportedInterfaceOrientations_iPad = "UIInterfaceOrientationPortrait UIInterfaceOrientationPortraitUpsideDown UIInterfaceOrientationLandscapeLeft UIInterfaceOrientationLandscapeRight";
				INFOPLIST_KEY_UISupportedInterfaceOrientations_iPhone = "UIInterfaceOrientationPortrait UIInterfaceOrientationLandscapeLeft UIInterfaceOrientationLandscapeRight";
				LD_RUNPATH_SEARCH_PATHS = (
					"$(inherited)",
					"@executable_path/Frameworks",
				);
				MARKETING_VERSION = 1.0;
				PRODUCT_BUNDLE_IDENTIFIER = com.gizemzorlu.CryptoRxMVVM;
				PRODUCT_NAME = "$(TARGET_NAME)";
				SWIFT_EMIT_LOC_STRINGS = YES;
				SWIFT_VERSION = 5.0;
				TARGETED_DEVICE_FAMILY = "1,2";
			};
			name = Debug;
		};
		1152A79C2B14CE3D00C471A4 /* Release */ = {
			isa = XCBuildConfiguration;
			buildSettings = {
				ASSETCATALOG_COMPILER_APPICON_NAME = AppIcon;
				ASSETCATALOG_COMPILER_GLOBAL_ACCENT_COLOR_NAME = AccentColor;
				CODE_SIGN_STYLE = Automatic;
				CURRENT_PROJECT_VERSION = 1;
				DEVELOPMENT_TEAM = 2N697VK3QN;
				GENERATE_INFOPLIST_FILE = YES;
				INFOPLIST_FILE = CryptoRxMVVM/Info.plist;
				INFOPLIST_KEY_UIApplicationSupportsIndirectInputEvents = YES;
				INFOPLIST_KEY_UILaunchStoryboardName = LaunchScreen;
				INFOPLIST_KEY_UISupportedInterfaceOrientations_iPad = "UIInterfaceOrientationPortrait UIInterfaceOrientationPortraitUpsideDown UIInterfaceOrientationLandscapeLeft UIInterfaceOrientationLandscapeRight";
				INFOPLIST_KEY_UISupportedInterfaceOrientations_iPhone = "UIInterfaceOrientationPortrait UIInterfaceOrientationLandscapeLeft UIInterfaceOrientationLandscapeRight";
				LD_RUNPATH_SEARCH_PATHS = (
					"$(inherited)",
					"@executable_path/Frameworks",
				);
				MARKETING_VERSION = 1.0;
				PRODUCT_BUNDLE_IDENTIFIER = com.gizemzorlu.CryptoRxMVVM;
				PRODUCT_NAME = "$(TARGET_NAME)";
				SWIFT_EMIT_LOC_STRINGS = YES;
				SWIFT_VERSION = 5.0;
				TARGETED_DEVICE_FAMILY = "1,2";
			};
			name = Release;
		};
/* End XCBuildConfiguration section */

/* Begin XCConfigurationList section */
		1152A7812B14CE3C00C471A4 /* Build configuration list for PBXProject "CryptoRxMVVM" */ = {
			isa = XCConfigurationList;
			buildConfigurations = (
				1152A7982B14CE3D00C471A4 /* Debug */,
				1152A7992B14CE3D00C471A4 /* Release */,
			);
			defaultConfigurationIsVisible = 0;
			defaultConfigurationName = Release;
		};
		1152A79A2B14CE3D00C471A4 /* Build configuration list for PBXNativeTarget "CryptoRxMVVM" */ = {
			isa = XCConfigurationList;
			buildConfigurations = (
				1152A79B2B14CE3D00C471A4 /* Debug */,
				1152A79C2B14CE3D00C471A4 /* Release */,
			);
			defaultConfigurationIsVisible = 0;
			defaultConfigurationName = Release;
		};
/* End XCConfigurationList section */

/* Begin XCRemoteSwiftPackageReference section */
		1136BEF22B15CE0F00071A07 /* XCRemoteSwiftPackageReference "RxSwift" */ = {
			isa = XCRemoteSwiftPackageReference;
			repositoryURL = "https://github.com/ReactiveX/RxSwift.git";
			requirement = {
				kind = upToNextMajorVersion;
				minimumVersion = 6.6.0;
			};
		};
		1152A7A42B14D07D00C471A4 /* XCRemoteSwiftPackageReference "SnapKit" */ = {
			isa = XCRemoteSwiftPackageReference;
			repositoryURL = "https://github.com/SnapKit/SnapKit.git";
			requirement = {
				kind = upToNextMajorVersion;
				minimumVersion = 5.6.0;
			};
		};
/* End XCRemoteSwiftPackageReference section */

/* Begin XCSwiftPackageProductDependency section */
		1136BEF32B15CE0F00071A07 /* RxBlocking */ = {
			isa = XCSwiftPackageProductDependency;
			package = 1136BEF22B15CE0F00071A07 /* XCRemoteSwiftPackageReference "RxSwift" */;
			productName = RxBlocking;
		};
		1136BEF52B15CE0F00071A07 /* RxBlocking-Dynamic */ = {
			isa = XCSwiftPackageProductDependency;
			package = 1136BEF22B15CE0F00071A07 /* XCRemoteSwiftPackageReference "RxSwift" */;
			productName = "RxBlocking-Dynamic";
		};
		1136BEF72B15CE0F00071A07 /* RxCocoa */ = {
			isa = XCSwiftPackageProductDependency;
			package = 1136BEF22B15CE0F00071A07 /* XCRemoteSwiftPackageReference "RxSwift" */;
			productName = RxCocoa;
		};
		1136BEF92B15CE0F00071A07 /* RxCocoa-Dynamic */ = {
			isa = XCSwiftPackageProductDependency;
			package = 1136BEF22B15CE0F00071A07 /* XCRemoteSwiftPackageReference "RxSwift" */;
			productName = "RxCocoa-Dynamic";
		};
		1136BEFB2B15CE0F00071A07 /* RxRelay */ = {
			isa = XCSwiftPackageProductDependency;
			package = 1136BEF22B15CE0F00071A07 /* XCRemoteSwiftPackageReference "RxSwift" */;
			productName = RxRelay;
		};
		1152A7A52B14D07D00C471A4 /* SnapKit */ = {
			isa = XCSwiftPackageProductDependency;
			package = 1152A7A42B14D07D00C471A4 /* XCRemoteSwiftPackageReference "SnapKit" */;
			productName = SnapKit;
		};
		1152A7A72B14D07D00C471A4 /* SnapKit-Dynamic */ = {
			isa = XCSwiftPackageProductDependency;
			package = 1152A7A42B14D07D00C471A4 /* XCRemoteSwiftPackageReference "SnapKit" */;
			productName = "SnapKit-Dynamic";
		};
/* End XCSwiftPackageProductDependency section */
	};
	rootObject = 1152A77E2B14CE3C00C471A4 /* Project object */;
}
